# This file is automatically @generated by Cargo.
# It is not intended for manual editing.
version = 3

[[package]]
name = "jbob-rust"
version = "0.1.0"
dependencies = [
 "sexpr_parser",
]

[[package]]
name = "sexpr_parser"
version = "0.2.1"
source = "registry+https://github.com/rust-lang/crates.io-index"
checksum = "e95c757d8818625235980614bab05c9dda15c4dfc499913e361f96c00367ee40"
